
Microsoft Visual Studio Solution File, Format Version 11.00
# Visual Studio 2010
# SharpDevelop 4.4
Project("{FAE04EC0-301F-11D3-BF4B-00C04F79EFBC}") = "HTTPManager", "HTTPManager.csproj", "{2194DC52-795D-4362-B23B-FC1E83D3C39C}"
EndProject
Global
	GlobalSection(SolutionConfigurationPlatforms) = preSolution
		Debug|Any CPU = Debug|Any CPU
		Release|Any CPU = Release|Any CPU
	EndGlobalSection
	GlobalSection(ProjectConfigurationPlatforms) = postSolution
		{2194DC52-795D-4362-B23B-FC1E83D3C39C}.Debug|Any CPU.ActiveCfg = Release|Any CPU
		{2194DC52-795D-4362-B23B-FC1E83D3C39C}.Debug|Any CPU.Build.0 = Debug|Any CPU
		{2194DC52-795D-4362-B23B-FC1E83D3C39C}.Release|Any CPU.ActiveCfg = Release|Any CPU
		{2194DC52-795D-4362-B23B-FC1E83D3C39C}.Release|Any CPU.Build.0 = Release|Any CPU
	EndGlobalSection
EndGlobal
